PODS:
  - FlutterMacOS (1.0.0)
  - roola_activity (1.0.0):
    - FlutterMacOS

DEPENDENCIES:
  - FlutterMacOS (from `Flutter/ephemeral`)
  - roola_activity (from `Flutter/ephemeral/.symlinks/plugins/roola_activity/macos`)

EXTERNAL SOURCES:
  FlutterMacOS:
    :path: Flutter/ephemeral
  roola_activity:
    :path: Flutter/ephemeral/.symlinks/plugins/roola_activity/macos

SPEC CHECKSUMS:
  FlutterMacOS: d0db08ddef1a9af05a5ec4b724367152bb0500b1
  roola_activity: dc53ce30209a45ee9319486f2d797bd59beab2e4

PODFILE CHECKSUM: 89c84cf5c2351c1e554c6dea18d31a879fc3a19e

COCOAPODS: 1.16.2
